
Microsoft Visual Studio Solution File, Format Version 12.00
# Visual Studio Version 17
VisualStudioVersion = 17.5.33424.131
MinimumVisualStudioVersion = 10.0.40219.1
Project("{FAE04EC0-301F-11D3-BF4B-00C04F79EFBC}") = "ShipmentService", "ShipmentService\ShipmentService.csproj", "{4BDFC37E-6C44-4650-95E4-AE5E3CB8EE00}"
EndProject
Global
	GlobalSection(SolutionConfigurationPlatforms) = preSolution
		Debug|Any CPU = Debug|Any CPU
		Release|Any CPU = Release|Any CPU
	EndGlobalSection
	GlobalSection(ProjectConfigurationPlatforms) = postSolution
		{4BDFC37E-6C44-4650-95E4-AE5E3CB8EE00}.Debug|Any CPU.ActiveCfg = Debug|Any CPU
		{4BDFC37E-6C44-4650-95E4-AE5E3CB8EE00}.Debug|Any CPU.Build.0 = Debug|Any CPU
		{4BDFC37E-6C44-4650-95E4-AE5E3CB8EE00}.Release|Any CPU.ActiveCfg = Release|Any CPU
		{4BDFC37E-6C44-4650-95E4-AE5E3CB8EE00}.Release|Any CPU.Build.0 = Release|Any CPU
	EndGlobalSection
	GlobalSection(SolutionProperties) = preSolution
		HideSolutionNode = FALSE
	EndGlobalSection
	GlobalSection(ExtensibilityGlobals) = postSolution
		SolutionGuid = {06D40790-BF6D-49C1-BE25-317C334660CC}
	EndGlobalSection
EndGlobal
